// !$*UTF8*$!
{
	archiveVersion = 1;
	classes = {
	};
	objectVersion = 46;
	objects = {

/* Begin PBXBuildFile section */
		DF0480501E6FA0380058FC86 /* LXSegment.m in Sources */ = {isa = PBXBuildFile; fileRef = DF04804F1E6FA0380058FC86 /* LXSegment.m */; };
		DF0480521E6FB5760058FC86 /* DepartmentList.plist in Resources */ = {isa = PBXBuildFile; fileRef = DF0480511E6FB5760058FC86 /* DepartmentList.plist */; };
		DF13D3681EC953CC00D4D814 /* File in Resources */ = {isa = PBXBuildFile; fileRef = DF13D3671EC953CC00D4D814 /* File */; };
		DF173FA21E9C7C1700FE87CC /* manageCellView.m in Sources */ = {isa = PBXBuildFile; fileRef = DF173FA11E9C7C1700FE87CC /* manageCellView.m */; };
		DF32CDF51E70067900BF2D58 /* regController.m in Sources */ = {isa = PBXBuildFile; fileRef = DF32CDF41E70067900BF2D58 /* regController.m */; };
		DF3D1FFA1E82103500D16612 /* popMenu.m in Sources */ = {isa = PBXBuildFile; fileRef = DF3D1FF91E82103500D16612 /* popMenu.m */; };
		DF49D6A41E9B4DBC007E3A62 /* LXButton.m in Sources */ = {isa = PBXBuildFile; fileRef = DF49D6A31E9B4DBC007E3A62 /* LXButton.m */; };
		DF5DA72E1E7404F3000E10A3 /* AlphaViewController.m in Sources */ = {isa = PBXBuildFile; fileRef = DF5DA72D1E7404F3000E10A3 /* AlphaViewController.m */; };
		DF7C421D1E99C8FD006048E6 /* regPerson.m in Sources */ = {isa = PBXBuildFile; fileRef = DF7C421C1E99C8FD006048E6 /* regPerson.m */; };
		DF7F2ECE1E8D180500057FF0 /* manageCell.m in Sources */ = {isa = PBXBuildFile; fileRef = DF7F2ECD1E8D180500057FF0 /* manageCell.m */; };
		DF88A5F61E7288400091ABD4 /* manageController.m in Sources */ = {isa = PBXBuildFile; fileRef = DF88A5F51E7288400091ABD4 /* manageController.m */; };
		DF9A99861E8529530010F24E /* RegList.plist in Resources */ = {isa = PBXBuildFile; fileRef = DF9A99851E8529530010F24E /* RegList.plist */; };
		DF9E11121E6CF44B00405BDF /* main.m in Sources */ = {isa = PBXBuildFile; fileRef = DF9E11111E6CF44B00405BDF /* main.m */; };
		DF9E11151E6CF44B00405BDF /* AppDelegate.m in Sources */ = {isa = PBXBuildFile; fileRef = DF9E11141E6CF44B00405BDF /* AppDelegate.m */; };
		DF9E111D1E6CF44B00405BDF /* Assets.xcassets in Resources */ = {isa = PBXBuildFile; fileRef = DF9E111C1E6CF44B00405BDF /* Assets.xcassets */; };
		DF9E11201E6CF44B00405BDF /* LaunchScreen.storyboard in Resources */ = {isa = PBXBuildFile; fileRef = DF9E111E1E6CF44B00405BDF /* LaunchScreen.storyboard */; };
		DF9E112B1E6CF44B00405BDF /* ____Tests.m in Sources */ = {isa = PBXBuildFile; fileRef = DF9E112A1E6CF44B00405BDF /* ____Tests.m */; };
		DF9E11361E6CF44B00405BDF /* ____UITests.m in Sources */ = {isa = PBXBuildFile; fileRef = DF9E11351E6CF44B00405BDF /* ____UITests.m */; };
		DF9E11451E6CF47C00405BDF /* homeController.m in Sources */ = {isa = PBXBuildFile; fileRef = DF9E11441E6CF47C00405BDF /* homeController.m */; };
		DF9E11491E6CF50900405BDF /* regView.m in Sources */ = {isa = PBXBuildFile; fileRef = DF9E11481E6CF50900405BDF /* regView.m */; };
		DF9E114D1E6CF54D00405BDF /* UIView+Extension.m in Sources */ = {isa = PBXBuildFile; fileRef = DF9E114C1E6CF54D00405BDF /* UIView+Extension.m */; };
		DF9E11501E6CFAB200405BDF /* LXNav.m in Sources */ = {isa = PBXBuildFile; fileRef = DF9E114F1E6CFAB200405BDF /* LXNav.m */; };
		DF9E11531E6CFC2D00405BDF /* tab.m in Sources */ = {isa = PBXBuildFile; fileRef = DF9E11521E6CFC2D00405BDF /* tab.m */; };
		DFA4C1C61E70E5DB00BA0E4D /* regCell.m in Sources */ = {isa = PBXBuildFile; fileRef = DFA4C1C51E70E5DB00BA0E4D /* regCell.m */; };
		DFA4C1C91E71622500BA0E4D /* noticeView.m in Sources */ = {isa = PBXBuildFile; fileRef = DFA4C1C81E71622500BA0E4D /* noticeView.m */; };
		DFA4C1CC1E71645600BA0E4D /* noticeController.m in Sources */ = {isa = PBXBuildFile; fileRef = DFA4C1CB1E71645600BA0E4D /* noticeController.m */; };
		DFB03C741E889E2C00731FC9 /* noticeCell.m in Sources */ = {isa = PBXBuildFile; fileRef = DFB03C731E889E2C00731FC9 /* noticeCell.m */; };
		DFC123131E6F9C0700C6D82B /* desView.m in Sources */ = {isa = PBXBuildFile; fileRef = DFC123121E6F9C0700C6D82B /* desView.m */; };
		DFD056311E6FC2660015D7E6 /* departModel.m in Sources */ = {isa = PBXBuildFile; fileRef = DFD056301E6FC2660015D7E6 /* departModel.m */; };
		DFD056351E6FC6A60015D7E6 /* classModel.m in Sources */ = {isa = PBXBuildFile; fileRef = DFD056341E6FC6A60015D7E6 /* classModel.m */; };
		DFD056391E6FD2FD0015D7E6 /* LXBorder.m in Sources */ = {isa = PBXBuildFile; fileRef = DFD056381E6FD2FD0015D7E6 /* LXBorder.m */; };
		DFD4819A1EA85A4200C21416 /* meController.m in Sources */ = {isa = PBXBuildFile; fileRef = DFD481991EA85A4200C21416 /* meController.m */; };
		DFDBFC181E764375005AE652 /* MASCompositeConstraint.m in Sources */ = {isa = PBXBuildFile; fileRef = DFDBFC001E764375005AE652 /* MASCompositeConstraint.m */; };
		DFDBFC191E764375005AE652 /* MASConstraint.m in Sources */ = {isa = PBXBuildFile; fileRef = DFDBFC031E764375005AE652 /* MASConstraint.m */; };
		DFDBFC1A1E764375005AE652 /* MASConstraintMaker.m in Sources */ = {isa = PBXBuildFile; fileRef = DFDBFC051E764375005AE652 /* MASConstraintMaker.m */; };
		DFDBFC1B1E764375005AE652 /* MASLayoutConstraint.m in Sources */ = {isa = PBXBuildFile; fileRef = DFDBFC071E764375005AE652 /* MASLayoutConstraint.m */; };
		DFDBFC1C1E764375005AE652 /* MASViewAttribute.m in Sources */ = {isa = PBXBuildFile; fileRef = DFDBFC0B1E764375005AE652 /* MASViewAttribute.m */; };
		DFDBFC1D1E764375005AE652 /* MASViewConstraint.m in Sources */ = {isa = PBXBuildFile; fileRef = DFDBFC0D1E764375005AE652 /* MASViewConstraint.m */; };
		DFDBFC1E1E764375005AE652 /* NSArray+MASAdditions.m in Sources */ = {isa = PBXBuildFile; fileRef = DFDBFC0F1E764375005AE652 /* NSArray+MASAdditions.m */; };
		DFDBFC1F1E764375005AE652 /* NSLayoutConstraint+MASDebugAdditions.m in Sources */ = {isa = PBXBuildFile; fileRef = DFDBFC121E764375005AE652 /* NSLayoutConstraint+MASDebugAdditions.m */; };
		DFDBFC201E764375005AE652 /* View+MASAdditions.m in Sources */ = {isa = PBXBuildFile; fileRef = DFDBFC141E764375005AE652 /* View+MASAdditions.m */; };
		DFDBFC211E764375005AE652 /* ViewController+MASAdditions.m in Sources */ = {isa = PBXBuildFile; fileRef = DFDBFC171E764375005AE652 /* ViewController+MASAdditions.m */; };
/* End PBXBuildFile section */

/* Begin PBXContainerItemProxy section */
		DF9E11271E6CF44B00405BDF /* PBXContainerItemProxy */ = {
			isa = PBXContainerItemProxy;
			containerPortal = DF9E11051E6CF44B00405BDF /* Project object */;
			proxyType = 1;
			remoteGlobalIDString = DF9E110C1E6CF44B00405BDF;
			remoteInfo = "门诊工作";
		};
		DF9E11321E6CF44B00405BDF /* PBXContainerItemProxy */ = {
			isa = PBXContainerItemProxy;
			containerPortal = DF9E11051E6CF44B00405BDF /* Project object */;
			proxyType = 1;
			remoteGlobalIDString = DF9E110C1E6CF44B00405BDF;
			remoteInfo = "门诊工作";
		};
/* End PBXContainerItemProxy section */

/* Begin PBXFileReference section */
		DF04804E1E6FA0380058FC86 /* LXSegment.h */ = {isa = PBXFileReference; fileEncoding = 4; lastKnownFileType = sourcecode.c.h; path = LXSegment.h; sourceTree = "<group>"; };
		DF04804F1E6FA0380058FC86 /* LXSegment.m */ = {isa = PBXFileReference; fileEncoding = 4; lastKnownFileType = sourcecode.c.objc; path = LXSegment.m; sourceTree = "<group>"; };
		DF0480511E6FB5760058FC86 /* DepartmentList.plist */ = {isa = PBXFileReference; fileEncoding = 4; lastKnownFileType = text.plist.xml; path = DepartmentList.plist; sourceTree = "<group>"; };
		DF13D3671EC953CC00D4D814 /* File */ = {isa = PBXFileReference; fileEncoding = 4; lastKnownFileType = text; path = File; sourceTree = "<group>"; };
		DF173FA01E9C7C1700FE87CC /* manageCellView.h */ = {isa = PBXFileReference; fileEncoding = 4; lastKnownFileType = sourcecode.c.h; path = manageCellView.h; sourceTree = "<group>"; };
		DF173FA11E9C7C1700FE87CC /* manageCellView.m */ = {isa = PBXFileReference; fileEncoding = 4; lastKnownFileType = sourcecode.c.objc; path = manageCellView.m; sourceTree = "<group>"; };
		DF32CDF31E70067900BF2D58 /* regController.h */ = {isa = PBXFileReference; fileEncoding = 4; lastKnownFileType = sourcecode.c.h; path = regController.h; sourceTree = "<group>"; };
		DF32CDF41E70067900BF2D58 /* regController.m */ = {isa = PBXFileReference; fileEncoding = 4; lastKnownFileType = sourcecode.c.objc; path = regController.m; sourceTree = "<group>"; };
		DF3D1FF81E82103500D16612 /* popMenu.h */ = {isa = PBXFileReference; fileEncoding = 4; lastKnownFileType = sourcecode.c.h; path = popMenu.h; sourceTree = "<group>"; };
		DF3D1FF91E82103500D16612 /* popMenu.m */ = {isa = PBXFileReference; fileEncoding = 4; lastKnownFileType = sourcecode.c.objc; path = popMenu.m; sourceTree = "<group>"; };
		DF49D6A21E9B4DBC007E3A62 /* LXButton.h */ = {isa = PBXFileReference; fileEncoding = 4; lastKnownFileType = sourcecode.c.h; path = LXButton.h; sourceTree = "<group>"; };
		DF49D6A31E9B4DBC007E3A62 /* LXButton.m */ = {isa = PBXFileReference; fileEncoding = 4; lastKnownFileType = sourcecode.c.objc; path = LXButton.m; sourceTree = "<group>"; };
		DF5DA72C1E7404F3000E10A3 /* AlphaViewController.h */ = {isa = PBXFileReference; fileEncoding = 4; lastKnownFileType = sourcecode.c.h; path = AlphaViewController.h; sourceTree = "<group>"; };
		DF5DA72D1E7404F3000E10A3 /* AlphaViewController.m */ = {isa = PBXFileReference; fileEncoding = 4; lastKnownFileType = sourcecode.c.objc; path = AlphaViewController.m; sourceTree = "<group>"; };
		DF7C421B1E99C8FD006048E6 /* regPerson.h */ = {isa = PBXFileReference; fileEncoding = 4; lastKnownFileType = sourcecode.c.h; path = regPerson.h; sourceTree = "<group>"; };
		DF7C421C1E99C8FD006048E6 /* regPerson.m */ = {isa = PBXFileReference; fileEncoding = 4; lastKnownFileType = sourcecode.c.objc; path = regPerson.m; sourceTree = "<group>"; };
		DF7F2ECC1E8D180500057FF0 /* manageCell.h */ = {isa = PBXFileReference; fileEncoding = 4; lastKnownFileType = sourcecode.c.h; path = manageCell.h; sourceTree = "<group>"; };
		DF7F2ECD1E8D180500057FF0 /* manageCell.m */ = {isa = PBXFileReference; fileEncoding = 4; lastKnownFileType = sourcecode.c.objc; path = manageCell.m; sourceTree = "<group>"; };
		DF88A5F41E7288400091ABD4 /* manageController.h */ = {isa = PBXFileReference; fileEncoding = 4; lastKnownFileType = sourcecode.c.h; path = manageController.h; sourceTree = "<group>"; };
		DF88A5F51E7288400091ABD4 /* manageController.m */ = {isa = PBXFileReference; fileEncoding = 4; lastKnownFileType = sourcecode.c.objc; path = manageController.m; sourceTree = "<group>"; };
		DF9A99851E8529530010F24E /* RegList.plist */ = {isa = PBXFileReference; fileEncoding = 4; lastKnownFileType = text.plist.xml; path = RegList.plist; sourceTree = "<group>"; };
		DF9E110D1E6CF44B00405BDF /* 门诊工作.app */ = {isa = PBXFileReference; explicitFileType = wrapper.application; includeInIndex = 0; path = "门诊工作.app"; sourceTree = BUILT_PRODUCTS_DIR; };
		DF9E11111E6CF44B00405BDF /* main.m */ = {isa = PBXFileReference; lastKnownFileType = sourcecode.c.objc; path = main.m; sourceTree = "<group>"; };
		DF9E11131E6CF44B00405BDF /* AppDelegate.h */ = {isa = PBXFileReference; lastKnownFileType = sourcecode.c.h; path = AppDelegate.h; sourceTree = "<group>"; };
		DF9E11141E6CF44B00405BDF /* AppDelegate.m */ = {isa = PBXFileReference; lastKnownFileType = sourcecode.c.objc; path = AppDelegate.m; sourceTree = "<group>"; };
		DF9E111C1E6CF44B00405BDF /* Assets.xcassets */ = {isa = PBXFileReference; lastKnownFileType = folder.assetcatalog; path = Assets.xcassets; sourceTree = "<group>"; };
		DF9E111F1E6CF44B00405BDF /* Base */ = {isa = PBXFileReference; lastKnownFileType = file.storyboard; name = Base; path = Base.lproj/LaunchScreen.storyboard; sourceTree = "<group>"; };
		DF9E11211E6CF44B00405BDF /* Info.plist */ = {isa = PBXFileReference; lastKnownFileType = text.plist.xml; path = Info.plist; sourceTree = "<group>"; };
		DF9E11261E6CF44B00405BDF /* 门诊工作Tests.xctest */ = {isa = PBXFileReference; explicitFileType = wrapper.cfbundle; includeInIndex = 0; path = "门诊工作Tests.xctest"; sourceTree = BUILT_PRODUCTS_DIR; };
		DF9E112A1E6CF44B00405BDF /* ____Tests.m */ = {isa = PBXFileReference; lastKnownFileType = sourcecode.c.objc; path = "____Tests.m"; sourceTree = "<group>"; };
		DF9E112C1E6CF44B00405BDF /* Info.plist */ = {isa = PBXFileReference; lastKnownFileType = text.plist.xml; path = Info.plist; sourceTree = "<group>"; };
		DF9E11311E6CF44B00405BDF /* 门诊工作UITests.xctest */ = {isa = PBXFileReference; explicitFileType = wrapper.cfbundle; includeInIndex = 0; path = "门诊工作UITests.xctest"; sourceTree = BUILT_PRODUCTS_DIR; };
		DF9E11351E6CF44B00405BDF /* ____UITests.m */ = {isa = PBXFileReference; lastKnownFileType = sourcecode.c.objc; path = "____UITests.m"; sourceTree = "<group>"; };
		DF9E11371E6CF44B00405BDF /* Info.plist */ = {isa = PBXFileReference; lastKnownFileType = text.plist.xml; path = Info.plist; sourceTree = "<group>"; };
		DF9E11431E6CF47C00405BDF /* homeController.h */ = {isa = PBXFileReference; fileEncoding = 4; lastKnownFileType = sourcecode.c.h; path = homeController.h; sourceTree = "<group>"; };
		DF9E11441E6CF47C00405BDF /* homeController.m */ = {isa = PBXFileReference; fileEncoding = 4; lastKnownFileType = sourcecode.c.objc; path = homeController.m; sourceTree = "<group>"; };
		DF9E11471E6CF50900405BDF /* regView.h */ = {isa = PBXFileReference; fileEncoding = 4; lastKnownFileType = sourcecode.c.h; path = regView.h; sourceTree = "<group>"; };
		DF9E11481E6CF50900405BDF /* regView.m */ = {isa = PBXFileReference; fileEncoding = 4; lastKnownFileType = sourcecode.c.objc; path = regView.m; sourceTree = "<group>"; };
		DF9E114A1E6CF54D00405BDF /* PrefixHeader.pch */ = {isa = PBXFileReference; fileEncoding = 4; lastKnownFileType = sourcecode.c.h; path = PrefixHeader.pch; sourceTree = "<group>"; };
		DF9E114B1E6CF54D00405BDF /* UIView+Extension.h */ = {isa = PBXFileReference; fileEncoding = 4; lastKnownFileType = sourcecode.c.h; path = "UIView+Extension.h"; sourceTree = "<group>"; };
		DF9E114C1E6CF54D00405BDF /* UIView+Extension.m */ = {isa = PBXFileReference; fileEncoding = 4; lastKnownFileType = sourcecode.c.objc; path = "UIView+Extension.m"; sourceTree = "<group>"; };
		DF9E114E1E6CFAB200405BDF /* LXNav.h */ = {isa = PBXFileReference; fileEncoding = 4; lastKnownFileType = sourcecode.c.h; path = LXNav.h; sourceTree = "<group>"; };
		DF9E114F1E6CFAB200405BDF /* LXNav.m */ = {isa = PBXFileReference; fileEncoding = 4; lastKnownFileType = sourcecode.c.objc; path = LXNav.m; sourceTree = "<group>"; };
		DF9E11511E6CFC2D00405BDF /* tab.h */ = {isa = PBXFileReference; fileEncoding = 4; lastKnownFileType = sourcecode.c.h; path = tab.h; sourceTree = "<group>"; };
		DF9E11521E6CFC2D00405BDF /* tab.m */ = {isa = PBXFileReference; fileEncoding = 4; lastKnownFileType = sourcecode.c.objc; path = tab.m; sourceTree = "<group>"; };
		DFA4C1C41E70E5DB00BA0E4D /* regCell.h */ = {isa = PBXFileReference; fileEncoding = 4; lastKnownFileType = sourcecode.c.h; path = regCell.h; sourceTree = "<group>"; };
		DFA4C1C51E70E5DB00BA0E4D /* regCell.m */ = {isa = PBXFileReference; fileEncoding = 4; lastKnownFileType = sourcecode.c.objc; path = regCell.m; sourceTree = "<group>"; };
		DFA4C1C71E71622500BA0E4D /* noticeView.h */ = {isa = PBXFileReference; fileEncoding = 4; lastKnownFileType = sourcecode.c.h; path = noticeView.h; sourceTree = "<group>"; };
		DFA4C1C81E71622500BA0E4D /* noticeView.m */ = {isa = PBXFileReference; fileEncoding = 4; lastKnownFileType = sourcecode.c.objc; path = noticeView.m; sourceTree = "<group>"; };
		DFA4C1CA1E71645600BA0E4D /* noticeController.h */ = {isa = PBXFileReference; fileEncoding = 4; lastKnownFileType = sourcecode.c.h; path = noticeController.h; sourceTree = "<group>"; };
		DFA4C1CB1E71645600BA0E4D /* noticeController.m */ = {isa = PBXFileReference; fileEncoding = 4; lastKnownFileType = sourcecode.c.objc; path = noticeController.m; sourceTree = "<group>"; };
		DFB03C721E889E2C00731FC9 /* noticeCell.h */ = {isa = PBXFileReference; fileEncoding = 4; lastKnownFileType = sourcecode.c.h; path = noticeCell.h; sourceTree = "<group>"; };
		DFB03C731E889E2C00731FC9 /* noticeCell.m */ = {isa = PBXFileReference; fileEncoding = 4; lastKnownFileType = sourcecode.c.objc; path = noticeCell.m; sourceTree = "<group>"; };
		DFC123111E6F9C0700C6D82B /* desView.h */ = {isa = PBXFileReference; fileEncoding = 4; lastKnownFileType = sourcecode.c.h; path = desView.h; sourceTree = "<group>"; };
		DFC123121E6F9C0700C6D82B /* desView.m */ = {isa = PBXFileReference; fileEncoding = 4; lastKnownFileType = sourcecode.c.objc; path = desView.m; sourceTree = "<group>"; };
		DFD0562F1E6FC2660015D7E6 /* departModel.h */ = {isa = PBXFileReference; fileEncoding = 4; lastKnownFileType = sourcecode.c.h; path = departModel.h; sourceTree = "<group>"; };
		DFD056301E6FC2660015D7E6 /* departModel.m */ = {isa = PBXFileReference; fileEncoding = 4; lastKnownFileType = sourcecode.c.objc; path = departModel.m; sourceTree = "<group>"; };
		DFD056331E6FC6A60015D7E6 /* classModel.h */ = {isa = PBXFileReference; fileEncoding = 4; lastKnownFileType = sourcecode.c.h; path = classModel.h; sourceTree = "<group>"; };
		DFD056341E6FC6A60015D7E6 /* classModel.m */ = {isa = PBXFileReference; fileEncoding = 4; lastKnownFileType = sourcecode.c.objc; path = classModel.m; sourceTree = "<group>"; };
		DFD056371E6FD2FD0015D7E6 /* LXBorder.h */ = {isa = PBXFileReference; fileEncoding = 4; lastKnownFileType = sourcecode.c.h; path = LXBorder.h; sourceTree = "<group>"; };
		DFD056381E6FD2FD0015D7E6 /* LXBorder.m */ = {isa = PBXFileReference; fileEncoding = 4; lastKnownFileType = sourcecode.c.objc; path = LXBorder.m; sourceTree = "<group>"; };
		DFD481981EA85A4200C21416 /* meController.h */ = {isa = PBXFileReference; fileEncoding = 4; lastKnownFileType = sourcecode.c.h; path = meController.h; sourceTree = "<group>"; };
		DFD481991EA85A4200C21416 /* meController.m */ = {isa = PBXFileReference; fileEncoding = 4; lastKnownFileType = sourcecode.c.objc; path = meController.m; sourceTree = "<group>"; };
		DFDBFBFF1E764375005AE652 /* MASCompositeConstraint.h */ = {isa = PBXFileReference; fileEncoding = 4; lastKnownFileType = sourcecode.c.h; path = MASCompositeConstraint.h; sourceTree = "<group>"; };
		DFDBFC001E764375005AE652 /* MASCompositeConstraint.m */ = {isa = PBXFileReference; fileEncoding = 4; lastKnownFileType = sourcecode.c.objc; path = MASCompositeConstraint.m; sourceTree = "<group>"; };
		DFDBFC011E764375005AE652 /* MASConstraint+Private.h */ = {isa = PBXFileReference; fileEncoding = 4; lastKnownFileType = sourcecode.c.h; path = "MASConstraint+Private.h"; sourceTree = "<group>"; };
		DFDBFC021E764375005AE652 /* MASConstraint.h */ = {isa = PBXFileReference; fileEncoding = 4; lastKnownFileType = sourcecode.c.h; path = MASConstraint.h; sourceTree = "<group>"; };
		DFDBFC031E764375005AE652 /* MASConstraint.m */ = {isa = PBXFileReference; fileEncoding = 4; lastKnownFileType = sourcecode.c.objc; path = MASConstraint.m; sourceTree = "<group>"; };
		DFDBFC041E764375005AE652 /* MASConstraintMaker.h */ = {isa = PBXFileReference; fileEncoding = 4; lastKnownFileType = sourcecode.c.h; path = MASConstraintMaker.h; sourceTree = "<group>"; };
		DFDBFC051E764375005AE652 /* MASConstraintMaker.m */ = {isa = PBXFileReference; fileEncoding = 4; lastKnownFileType = sourcecode.c.objc; path = MASConstraintMaker.m; sourceTree = "<group>"; };
		DFDBFC061E764375005AE652 /* MASLayoutConstraint.h */ = {isa = PBXFileReference; fileEncoding = 4; lastKnownFileType = sourcecode.c.h; path = MASLayoutConstraint.h; sourceTree = "<group>"; };
		DFDBFC071E764375005AE652 /* MASLayoutConstraint.m */ = {isa = PBXFileReference; fileEncoding = 4; lastKnownFileType = sourcecode.c.objc; path = MASLayoutConstraint.m; sourceTree = "<group>"; };
		DFDBFC081E764375005AE652 /* Masonry.h */ = {isa = PBXFileReference; fileEncoding = 4; lastKnownFileType = sourcecode.c.h; path = Masonry.h; sourceTree = "<group>"; };
		DFDBFC091E764375005AE652 /* MASUtilities.h */ = {isa = PBXFileReference; fileEncoding = 4; lastKnownFileType = sourcecode.c.h; path = MASUtilities.h; sourceTree = "<group>"; };
		DFDBFC0A1E764375005AE652 /* MASViewAttribute.h */ = {isa = PBXFileReference; fileEncoding = 4; lastKnownFileType = sourcecode.c.h; path = MASViewAttribute.h; sourceTree = "<group>"; };
		DFDBFC0B1E764375005AE652 /* MASViewAttribute.m */ = {isa = PBXFileReference; fileEncoding = 4; lastKnownFileType = sourcecode.c.objc; path = MASViewAttribute.m; sourceTree = "<group>"; };
		DFDBFC0C1E764375005AE652 /* MASViewConstraint.h */ = {isa = PBXFileReference; fileEncoding = 4; lastKnownFileType = sourcecode.c.h; path = MASViewConstraint.h; sourceTree = "<group>"; };
		DFDBFC0D1E764375005AE652 /* MASViewConstraint.m */ = {isa = PBXFileReference; fileEncoding = 4; lastKnownFileType = sourcecode.c.objc; path = MASViewConstraint.m; sourceTree = "<group>"; };
		DFDBFC0E1E764375005AE652 /* NSArray+MASAdditions.h */ = {isa = PBXFileReference; fileEncoding = 4; lastKnownFileType = sourcecode.c.h; path = "NSArray+MASAdditions.h"; sourceTree = "<group>"; };
		DFDBFC0F1E764375005AE652 /* NSArray+MASAdditions.m */ = {isa = PBXFileReference; fileEncoding = 4; lastKnownFileType = sourcecode.c.objc; path = "NSArray+MASAdditions.m"; sourceTree = "<group>"; };
		DFDBFC101E764375005AE652 /* NSArray+MASShorthandAdditions.h */ = {isa = PBXFileReference; fileEncoding = 4; lastKnownFileType = sourcecode.c.h; path = "NSArray+MASShorthandAdditions.h"; sourceTree = "<group>"; };
		DFDBFC111E764375005AE652 /* NSLayoutConstraint+MASDebugAdditions.h */ = {isa = PBXFileReference; fileEncoding = 4; lastKnownFileType = sourcecode.c.h; path = "NSLayoutConstraint+MASDebugAdditions.h"; sourceTree = "<group>"; };
		DFDBFC121E764375005AE652 /* NSLayoutConstraint+MASDebugAdditions.m */ = {isa = PBXFileReference; fileEncoding = 4; lastKnownFileType = sourcecode.c.objc; path = "NSLayoutConstraint+MASDebugAdditions.m"; sourceTree = "<group>"; };
		DFDBFC131E764375005AE652 /* View+MASAdditions.h */ = {isa = PBXFileReference; fileEncoding = 4; lastKnownFileType = sourcecode.c.h; path = "View+MASAdditions.h"; sourceTree = "<group>"; };
		DFDBFC141E764375005AE652 /* View+MASAdditions.m */ = {isa = PBXFileReference; fileEncoding = 4; lastKnownFileType = sourcecode.c.objc; path = "View+MASAdditions.m"; sourceTree = "<group>"; };
		DFDBFC151E764375005AE652 /* View+MASShorthandAdditions.h */ = {isa = PBXFileReference; fileEncoding = 4; lastKnownFileType = sourcecode.c.h; path = "View+MASShorthandAdditions.h"; sourceTree = "<group>"; };
		DFDBFC161E764375005AE652 /* ViewController+MASAdditions.h */ = {isa = PBXFileReference; fileEncoding = 4; lastKnownFileType = sourcecode.c.h; path = "ViewController+MASAdditions.h"; sourceTree = "<group>"; };
		DFDBFC171E764375005AE652 /* ViewController+MASAdditions.m */ = {isa = PBXFileReference; fileEncoding = 4; lastKnownFileType = sourcecode.c.objc; path = "ViewController+MASAdditions.m"; sourceTree = "<group>"; };
/* End PBXFileReference section */

/* Begin PBXFrameworksBuildPhase section */
		DF9E110A1E6CF44B00405BDF /* Frameworks */ = {
			isa = PBXFrameworksBuildPhase;
			buildActionMask = 2147483647;
			files = (
			);
			runOnlyForDeploymentPostprocessing = 0;
		};
		DF9E11231E6CF44B00405BDF /* Frameworks */ = {
			isa = PBXFrameworksBuildPhase;
			buildActionMask = 2147483647;
			files = (
			);
			runOnlyForDeploymentPostprocessing = 0;
		};
		DF9E112E1E6CF44B00405BDF /* Frameworks */ = {
			isa = PBXFrameworksBuildPhase;
			buildActionMask = 2147483647;
			files = (
			);
			runOnlyForDeploymentPostprocessing = 0;
		};
/* End PBXFrameworksBuildPhase section */

/* Begin PBXGroup section */
		DF32CDF21E70066100BF2D58 /* controller */ = {
			isa = PBXGroup;
			children = (
				DF9E11431E6CF47C00405BDF /* homeController.h */,
				DF9E11441E6CF47C00405BDF /* homeController.m */,
				DF32CDF31E70067900BF2D58 /* regController.h */,
				DF32CDF41E70067900BF2D58 /* regController.m */,
				DFA4C1CA1E71645600BA0E4D /* noticeController.h */,
				DFA4C1CB1E71645600BA0E4D /* noticeController.m */,
				DF5DA72C1E7404F3000E10A3 /* AlphaViewController.h */,
				DF5DA72D1E7404F3000E10A3 /* AlphaViewController.m */,
			);
			name = controller;
			sourceTree = "<group>";
		};
		DF3D1FF61E82100300D16612 /* manage */ = {
			isa = PBXGroup;
			children = (
				DF3D1FF71E82101300D16612 /* view */,
				DF88A5F41E7288400091ABD4 /* manageController.h */,
				DF88A5F51E7288400091ABD4 /* manageController.m */,
				DF7C421B1E99C8FD006048E6 /* regPerson.h */,
				DF7C421C1E99C8FD006048E6 /* regPerson.m */,
			);
			name = manage;
			sourceTree = "<group>";
		};
		DF3D1FF71E82101300D16612 /* view */ = {
			isa = PBXGroup;
			children = (
				DF3D1FF81E82103500D16612 /* popMenu.h */,
				DF3D1FF91E82103500D16612 /* popMenu.m */,
				DF7F2ECC1E8D180500057FF0 /* manageCell.h */,
				DF7F2ECD1E8D180500057FF0 /* manageCell.m */,
				DF49D6A21E9B4DBC007E3A62 /* LXButton.h */,
				DF49D6A31E9B4DBC007E3A62 /* LXButton.m */,
				DF173FA01E9C7C1700FE87CC /* manageCellView.h */,
				DF173FA11E9C7C1700FE87CC /* manageCellView.m */,
			);
			name = view;
			sourceTree = "<group>";
		};
		DF9E11041E6CF44B00405BDF = {
			isa = PBXGroup;
			children = (
				DF9E110F1E6CF44B00405BDF /* 门诊工作 */,
				DF9E11291E6CF44B00405BDF /* 门诊工作Tests */,
				DF9E11341E6CF44B00405BDF /* 门诊工作UITests */,
				DF9E110E1E6CF44B00405BDF /* Products */,
			);
			sourceTree = "<group>";
		};
		DF9E110E1E6CF44B00405BDF /* Products */ = {
			isa = PBXGroup;
			children = (
				DF9E110D1E6CF44B00405BDF /* 门诊工作.app */,
				DF9E11261E6CF44B00405BDF /* 门诊工作Tests.xctest */,
				DF9E11311E6CF44B00405BDF /* 门诊工作UITests.xctest */,
			);
			name = Products;
			sourceTree = "<group>";
		};
		DF9E110F1E6CF44B00405BDF /* 门诊工作 */ = {
			isa = PBXGroup;
			children = (
				DFB4A9321E96890F00C3D17C /* main */,
				DFB4A9331E96893C00C3D17C /* tool */,
				DF9E11461E6CF48300405BDF /* home */,
				DF3D1FF61E82100300D16612 /* manage */,
				DFD481971EA8590400C21416 /* me */,
				DF9E111C1E6CF44B00405BDF /* Assets.xcassets */,
				DFDBFBFE1E764375005AE652 /* Masonry */,
				DF9E11101E6CF44B00405BDF /* Supporting Files */,
			);
			path = "门诊工作";
			sourceTree = "<group>";
		};
		DF9E11101E6CF44B00405BDF /* Supporting Files */ = {
			isa = PBXGroup;
			children = (
				DF9E11111E6CF44B00405BDF /* main.m */,
			);
			name = "Supporting Files";
			sourceTree = "<group>";
		};
		DF9E11291E6CF44B00405BDF /* 门诊工作Tests */ = {
			isa = PBXGroup;
			children = (
				DF9E112A1E6CF44B00405BDF /* ____Tests.m */,
				DF9E112C1E6CF44B00405BDF /* Info.plist */,
			);
			path = "门诊工作Tests";
			sourceTree = "<group>";
		};
		DF9E11341E6CF44B00405BDF /* 门诊工作UITests */ = {
			isa = PBXGroup;
			children = (
				DF9E11351E6CF44B00405BDF /* ____UITests.m */,
				DF9E11371E6CF44B00405BDF /* Info.plist */,
			);
			path = "门诊工作UITests";
			sourceTree = "<group>";
		};
		DF9E11461E6CF48300405BDF /* home */ = {
			isa = PBXGroup;
			children = (
				DFD056321E6FC68E0015D7E6 /* model */,
				DF32CDF21E70066100BF2D58 /* controller */,
				DFD056361E6FD2EC0015D7E6 /* view */,
			);
			name = home;
			sourceTree = "<group>";
		};
		DFB4A9321E96890F00C3D17C /* main */ = {
			isa = PBXGroup;
			children = (
				DF9E111E1E6CF44B00405BDF /* LaunchScreen.storyboard */,
				DF9E11211E6CF44B00405BDF /* Info.plist */,
				DF9E11131E6CF44B00405BDF /* AppDelegate.h */,
				DF9E11141E6CF44B00405BDF /* AppDelegate.m */,
				DF9E114A1E6CF54D00405BDF /* PrefixHeader.pch */,
				DF9A99851E8529530010F24E /* RegList.plist */,
				DF0480511E6FB5760058FC86 /* DepartmentList.plist */,
				DF13D3671EC953CC00D4D814 /* File */,
			);
			name = main;
			sourceTree = "<group>";
		};
		DFB4A9331E96893C00C3D17C /* tool */ = {
			isa = PBXGroup;
			children = (
				DFD056371E6FD2FD0015D7E6 /* LXBorder.h */,
				DFD056381E6FD2FD0015D7E6 /* LXBorder.m */,
				DF9E114E1E6CFAB200405BDF /* LXNav.h */,
				DF9E114F1E6CFAB200405BDF /* LXNav.m */,
				DF9E11511E6CFC2D00405BDF /* tab.h */,
				DF9E11521E6CFC2D00405BDF /* tab.m */,
				DF9E114B1E6CF54D00405BDF /* UIView+Extension.h */,
				DF9E114C1E6CF54D00405BDF /* UIView+Extension.m */,
			);
			name = tool;
			sourceTree = "<group>";
		};
		DFD056321E6FC68E0015D7E6 /* model */ = {
			isa = PBXGroup;
			children = (
				DFD0562F1E6FC2660015D7E6 /* departModel.h */,
				DFD056301E6FC2660015D7E6 /* departModel.m */,
				DFD056331E6FC6A60015D7E6 /* classModel.h */,
				DFD056341E6FC6A60015D7E6 /* classModel.m */,
			);
			name = model;
			sourceTree = "<group>";
		};
		DFD056361E6FD2EC0015D7E6 /* view */ = {
			isa = PBXGroup;
			children = (
				DF04804E1E6FA0380058FC86 /* LXSegment.h */,
				DF04804F1E6FA0380058FC86 /* LXSegment.m */,
				DFA4C1C41E70E5DB00BA0E4D /* regCell.h */,
				DFA4C1C51E70E5DB00BA0E4D /* regCell.m */,
				DF9E11471E6CF50900405BDF /* regView.h */,
				DF9E11481E6CF50900405BDF /* regView.m */,
				DFA4C1C71E71622500BA0E4D /* noticeView.h */,
				DFA4C1C81E71622500BA0E4D /* noticeView.m */,
				DFB03C721E889E2C00731FC9 /* noticeCell.h */,
				DFB03C731E889E2C00731FC9 /* noticeCell.m */,
				DFC123111E6F9C0700C6D82B /* desView.h */,
				DFC123121E6F9C0700C6D82B /* desView.m */,
			);
			name = view;
			sourceTree = "<group>";
		};
		DFD481971EA8590400C21416 /* me */ = {
			isa = PBXGroup;
			children = (
				DFD481981EA85A4200C21416 /* meController.h */,
				DFD481991EA85A4200C21416 /* meController.m */,
			);
			name = me;
			sourceTree = "<group>";
		};
		DFDBFBFE1E764375005AE652 /* Masonry */ = {
			isa = PBXGroup;
			children = (
				DFDBFBFF1E764375005AE652 /* MASCompositeConstraint.h */,
				DFDBFC001E764375005AE652 /* MASCompositeConstraint.m */,
				DFDBFC011E764375005AE652 /* MASConstraint+Private.h */,
				DFDBFC021E764375005AE652 /* MASConstraint.h */,
				DFDBFC031E764375005AE652 /* MASConstraint.m */,
				DFDBFC041E764375005AE652 /* MASConstraintMaker.h */,
				DFDBFC051E764375005AE652 /* MASConstraintMaker.m */,
				DFDBFC061E764375005AE652 /* MASLayoutConstraint.h */,
				DFDBFC071E764375005AE652 /* MASLayoutConstraint.m */,
				DFDBFC081E764375005AE652 /* Masonry.h */,
				DFDBFC091E764375005AE652 /* MASUtilities.h */,
				DFDBFC0A1E764375005AE652 /* MASViewAttribute.h */,
				DFDBFC0B1E764375005AE652 /* MASViewAttribute.m */,
				DFDBFC0C1E764375005AE652 /* MASViewConstraint.h */,
				DFDBFC0D1E764375005AE652 /* MASViewConstraint.m */,
				DFDBFC0E1E764375005AE652 /* NSArray+MASAdditions.h */,
				DFDBFC0F1E764375005AE652 /* NSArray+MASAdditions.m */,
				DFDBFC101E764375005AE652 /* NSArray+MASShorthandAdditions.h */,
				DFDBFC111E764375005AE652 /* NSLayoutConstraint+MASDebugAdditions.h */,
				DFDBFC121E764375005AE652 /* NSLayoutConstraint+MASDebugAdditions.m */,
				DFDBFC131E764375005AE652 /* View+MASAdditions.h */,
				DFDBFC141E764375005AE652 /* View+MASAdditions.m */,
				DFDBFC151E764375005AE652 /* View+MASShorthandAdditions.h */,
				DFDBFC161E764375005AE652 /* ViewController+MASAdditions.h */,
				DFDBFC171E764375005AE652 /* ViewController+MASAdditions.m */,
			);
			path = Masonry;
			sourceTree = "<group>";
		};
/* End PBXGroup section */

/* Begin PBXNativeTarget section */
		DF9E110C1E6CF44B00405BDF /* 门诊工作 */ = {
			isa = PBXNativeTarget;
			buildConfigurationList = DF9E113A1E6CF44B00405BDF /* Build configuration list for PBXNativeTarget "门诊工作" */;
			buildPhases = (
				DF9E11091E6CF44B00405BDF /* Sources */,
				DF9E110A1E6CF44B00405BDF /* Frameworks */,
				DF9E110B1E6CF44B00405BDF /* Resources */,
			);
			buildRules = (
			);
			dependencies = (
			);
			name = "门诊工作";
			productName = "门诊工作";
			productReference = DF9E110D1E6CF44B00405BDF /* 门诊工作.app */;
			productType = "com.apple.product-type.application";
		};
		DF9E11251E6CF44B00405BDF /* 门诊工作Tests */ = {
			isa = PBXNativeTarget;
			buildConfigurationList = DF9E113D1E6CF44B00405BDF /* Build configuration list for PBXNativeTarget "门诊工作Tests" */;
			buildPhases = (
				DF9E11221E6CF44B00405BDF /* Sources */,
				DF9E11231E6CF44B00405BDF /* Frameworks */,
				DF9E11241E6CF44B00405BDF /* Resources */,
			);
			buildRules = (
			);
			dependencies = (
				DF9E11281E6CF44B00405BDF /* PBXTargetDependency */,
			);
			name = "门诊工作Tests";
			productName = "门诊工作Tests";
			productReference = DF9E11261E6CF44B00405BDF /* 门诊工作Tests.xctest */;
			productType = "com.apple.product-type.bundle.unit-test";
		};
		DF9E11301E6CF44B00405BDF /* 门诊工作UITests */ = {
			isa = PBXNativeTarget;
			buildConfigurationList = DF9E11401E6CF44B00405BDF /* Build configuration list for PBXNativeTarget "门诊工作UITests" */;
			buildPhases = (
				DF9E112D1E6CF44B00405BDF /* Sources */,
				DF9E112E1E6CF44B00405BDF /* Frameworks */,
				DF9E112F1E6CF44B00405BDF /* Resources */,
			);
			buildRules = (
			);
			dependencies = (
				DF9E11331E6CF44B00405BDF /* PBXTargetDependency */,
			);
			name = "门诊工作UITests";
			productName = "门诊工作UITests";
			productReference = DF9E11311E6CF44B00405BDF /* 门诊工作UITests.xctest */;
			productType = "com.apple.product-type.bundle.ui-testing";
		};
/* End PBXNativeTarget section */

/* Begin PBXProject section */
		DF9E11051E6CF44B00405BDF /* Project object */ = {
			isa = PBXProject;
			attributes = {
				LastUpgradeCheck = 0730;
				ORGANIZATIONNAME = Xuan;
				TargetAttributes = {
					DF9E110C1E6CF44B00405BDF = {
						CreatedOnToolsVersion = 7.3.1;
						DevelopmentTeam = 7EP93Z2D6P;
					};
					DF9E11251E6CF44B00405BDF = {
						CreatedOnToolsVersion = 7.3.1;
						TestTargetID = DF9E110C1E6CF44B00405BDF;
					};
					DF9E11301E6CF44B00405BDF = {
						CreatedOnToolsVersion = 7.3.1;
						TestTargetID = DF9E110C1E6CF44B00405BDF;
					};
				};
			};
			buildConfigurationList = DF9E11081E6CF44B00405BDF /* Build configuration list for PBXProject "门诊工作" */;
			compatibilityVersion = "Xcode 3.2";
			developmentRegion = English;
			hasScannedForEncodings = 0;
			knownRegions = (
				en,
				Base,
			);
			mainGroup = DF9E11041E6CF44B00405BDF;
			productRefGroup = DF9E110E1E6CF44B00405BDF /* Products */;
			projectDirPath = "";
			projectRoot = "";
			targets = (
				DF9E110C1E6CF44B00405BDF /* 门诊工作 */,
				DF9E11251E6CF44B00405BDF /* 门诊工作Tests */,
				DF9E11301E6CF44B00405BDF /* 门诊工作UITests */,
			);
		};
/* End PBXProject section */

/* Begin PBXResourcesBuildPhase section */
		DF9E110B1E6CF44B00405BDF /* Resources */ = {
			isa = PBXResourcesBuildPhase;
			buildActionMask = 2147483647;
			files = (
				DF9E11201E6CF44B00405BDF /* LaunchScreen.storyboard in Resources */,
				DF9E111D1E6CF44B00405BDF /* Assets.xcassets in Resources */,
				DF0480521E6FB5760058FC86 /* DepartmentList.plist in Resources */,
				DF9A99861E8529530010F24E /* RegList.plist in Resources */,
				DF13D3681EC953CC00D4D814 /* File in Resources */,
			);
			runOnlyForDeploymentPostprocessing = 0;
		};
		DF9E11241E6CF44B00405BDF /* Resources */ = {
			isa = PBXResourcesBuildPhase;
			buildActionMask = 2147483647;
			files = (
			);
			runOnlyForDeploymentPostprocessing = 0;
		};
		DF9E112F1E6CF44B00405BDF /* Resources */ = {
			isa = PBXResourcesBuildPhase;
			buildActionMask = 2147483647;
			files = (
			);
			runOnlyForDeploymentPostprocessing = 0;
		};
/* End PBXResourcesBuildPhase section */

/* Begin PBXSourcesBuildPhase section */
		DF9E11091E6CF44B00405BDF /* Sources */ = {
			isa = PBXSourcesBuildPhase;
			buildActionMask = 2147483647;
			files = (
				DF49D6A41E9B4DBC007E3A62 /* LXButton.m in Sources */,
				DF88A5F61E7288400091ABD4 /* manageController.m in Sources */,
				DFA4C1C61E70E5DB00BA0E4D /* regCell.m in Sources */,
				DF9E114D1E6CF54D00405BDF /* UIView+Extension.m in Sources */,
				DF9E11451E6CF47C00405BDF /* homeController.m in Sources */,
				DFDBFC191E764375005AE652 /* MASConstraint.m in Sources */,
				DFDBFC1C1E764375005AE652 /* MASViewAttribute.m in Sources */,
				DFA4C1CC1E71645600BA0E4D /* noticeController.m in Sources */,
				DFDBFC181E764375005AE652 /* MASCompositeConstraint.m in Sources */,
				DFDBFC201E764375005AE652 /* View+MASAdditions.m in Sources */,
				DF9E11491E6CF50900405BDF /* regView.m in Sources */,
				DFD4819A1EA85A4200C21416 /* meController.m in Sources */,
				DF7F2ECE1E8D180500057FF0 /* manageCell.m in Sources */,
				DFD056391E6FD2FD0015D7E6 /* LXBorder.m in Sources */,
				DFC123131E6F9C0700C6D82B /* desView.m in Sources */,
				DFA4C1C91E71622500BA0E4D /* noticeView.m in Sources */,
				DFDBFC1E1E764375005AE652 /* NSArray+MASAdditions.m in Sources */,
				DFDBFC1F1E764375005AE652 /* NSLayoutConstraint+MASDebugAdditions.m in Sources */,
				DF173FA21E9C7C1700FE87CC /* manageCellView.m in Sources */,
				DF9E11501E6CFAB200405BDF /* LXNav.m in Sources */,
				DF9E11151E6CF44B00405BDF /* AppDelegate.m in Sources */,
				DFB03C741E889E2C00731FC9 /* noticeCell.m in Sources */,
				DF32CDF51E70067900BF2D58 /* regController.m in Sources */,
				DFDBFC211E764375005AE652 /* ViewController+MASAdditions.m in Sources */,
				DFDBFC1D1E764375005AE652 /* MASViewConstraint.m in Sources */,
				DFDBFC1A1E764375005AE652 /* MASConstraintMaker.m in Sources */,
				DF9E11121E6CF44B00405BDF /* main.m in Sources */,
				DF3D1FFA1E82103500D16612 /* popMenu.m in Sources */,
				DF5DA72E1E7404F3000E10A3 /* AlphaViewController.m in Sources */,
				DFD056311E6FC2660015D7E6 /* departModel.m in Sources */,
				DF7C421D1E99C8FD006048E6 /* regPerson.m in Sources */,
				DFDBFC1B1E764375005AE652 /* MASLayoutConstraint.m in Sources */,
				DFD056351E6FC6A60015D7E6 /* classModel.m in Sources */,
				DF9E11531E6CFC2D00405BDF /* tab.m in Sources */,
				DF0480501E6FA0380058FC86 /* LXSegment.m in Sources */,
			);
			runOnlyForDeploymentPostprocessing = 0;
		};
		DF9E11221E6CF44B00405BDF /* Sources */ = {
			isa = PBXSourcesBuildPhase;
			buildActionMask = 2147483647;
			files = (
				DF9E112B1E6CF44B00405BDF /* ____Tests.m in Sources */,
			);
			runOnlyForDeploymentPostprocessing = 0;
		};
		DF9E112D1E6CF44B00405BDF /* Sources */ = {
			isa = PBXSourcesBuildPhase;
			buildActionMask = 2147483647;
			files = (
				DF9E11361E6CF44B00405BDF /* ____UITests.m in Sources */,
			);
			runOnlyForDeploymentPostprocessing = 0;
		};
/* End PBXSourcesBuildPhase section */

/* Begin PBXTargetDependency section */
		DF9E11281E6CF44B00405BDF /* PBXTargetDependency */ = {
			isa = PBXTargetDependency;
			target = DF9E110C1E6CF44B00405BDF /* 门诊工作 */;
			targetProxy = DF9E11271E6CF44B00405BDF /* PBXContainerItemProxy */;
		};
		DF9E11331E6CF44B00405BDF /* PBXTargetDependency */ = {
			isa = PBXTargetDependency;
			target = DF9E110C1E6CF44B00405BDF /* 门诊工作 */;
			targetProxy = DF9E11321E6CF44B00405BDF /* PBXContainerItemProxy */;
		};
/* End PBXTargetDependency section */

/* Begin PBXVariantGroup section */
		DF9E111E1E6CF44B00405BDF /* LaunchScreen.storyboard */ = {
			isa = PBXVariantGroup;
			children = (
				DF9E111F1E6CF44B00405BDF /* Base */,
			);
			name = LaunchScreen.storyboard;
			sourceTree = "<group>";
		};
/* End PBXVariantGroup section */

/* Begin XCBuildConfiguration section */
		DF9E11381E6CF44B00405BDF /* Debug */ = {
			isa = XCBuildConfiguration;
			buildSettings = {
				ALWAYS_SEARCH_USER_PATHS = NO;
				CLANG_ANALYZER_NONNULL = YES;
				CLANG_CXX_LANGUAGE_STANDARD = "gnu++0x";
				CLANG_CXX_LIBRARY = "libc++";
				CLANG_ENABLE_MODULES = YES;
				CLANG_ENABLE_OBJC_ARC = YES;
				CLANG_WARN_BOOL_CONVERSION = YES;
				CLANG_WARN_CONSTANT_CONVERSION = YES;
				CLANG_WARN_DIRECT_OBJC_ISA_USAGE = YES_ERROR;
				CLANG_WARN_EMPTY_BODY = YES;
				CLANG_WARN_ENUM_CONVERSION = YES;
				CLANG_WARN_INT_CONVERSION = YES;
				CLANG_WARN_OBJC_ROOT_CLASS = YES_ERROR;
				CLANG_WARN_UNREACHABLE_CODE = YES;
				CLANG_WARN__DUPLICATE_METHOD_MATCH = YES;
				"CODE_SIGN_IDENTITY[sdk=iphoneos*]" = "iPhone Developer";
				COPY_PHASE_STRIP = NO;
				DEBUG_INFORMATION_FORMAT = dwarf;
				ENABLE_STRICT_OBJC_MSGSEND = YES;
				ENABLE_TESTABILITY = YES;
				GCC_C_LANGUAGE_STANDARD = gnu99;
				GCC_DYNAMIC_NO_PIC = NO;
				GCC_NO_COMMON_BLOCKS = YES;
				GCC_OPTIMIZATION_LEVEL = 0;
				GCC_PREPROCESSOR_DEFINITIONS = (
					"DEBUG=1",
					"$(inherited)",
				);
				GCC_WARN_64_TO_32_BIT_CONVERSION = YES;
				GCC_WARN_ABOUT_RETURN_TYPE = YES_ERROR;
				GCC_WARN_UNDECLARED_SELECTOR = YES;
				GCC_WARN_UNINITIALIZED_AUTOS = YES_AGGRESSIVE;
				GCC_WARN_UNUSED_FUNCTION = YES;
				GCC_WARN_UNUSED_VARIABLE = YES;
				IPHONEOS_DEPLOYMENT_TARGET = 9.3;
				MTL_ENABLE_DEBUG_INFO = YES;
				ONLY_ACTIVE_ARCH = YES;
				SDKROOT = iphoneos;
				TARGETED_DEVICE_FAMILY = "1,2";
			};
			name = Debug;
		};
		DF9E11391E6CF44B00405BDF /* Release */ = {
			isa = XCBuildConfiguration;
			buildSettings = {
				ALWAYS_SEARCH_USER_PATHS = NO;
				CLANG_ANALYZER_NONNULL = YES;
				CLANG_CXX_LANGUAGE_STANDARD = "gnu++0x";
				CLANG_CXX_LIBRARY = "libc++";
				CLANG_ENABLE_MODULES = YES;
				CLANG_ENABLE_OBJC_ARC = YES;
				CLANG_WARN_BOOL_CONVERSION = YES;
				CLANG_WARN_CONSTANT_CONVERSION = YES;
				CLANG_WARN_DIRECT_OBJC_ISA_USAGE = YES_ERROR;
				CLANG_WARN_EMPTY_BODY = YES;
				CLANG_WARN_ENUM_CONVERSION = YES;
				CLANG_WARN_INT_CONVERSION = YES;
				CLANG_WARN_OBJC_ROOT_CLASS = YES_ERROR;
				CLANG_WARN_UNREACHABLE_CODE = YES;
				CLANG_WARN__DUPLICATE_METHOD_MATCH = YES;
				"CODE_SIGN_IDENTITY[sdk=iphoneos*]" = "iPhone Developer";
				COPY_PHASE_STRIP = NO;
				DEBUG_INFORMATION_FORMAT = "dwarf-with-dsym";
				ENABLE_NS_ASSERTIONS = NO;
				ENABLE_STRICT_OBJC_MSGSEND = YES;
				GCC_C_LANGUAGE_STANDARD = gnu99;
				GCC_NO_COMMON_BLOCKS = YES;
				GCC_WARN_64_TO_32_BIT_CONVERSION = YES;
				GCC_WARN_ABOUT_RETURN_TYPE = YES_ERROR;
				GCC_WARN_UNDECLARED_SELECTOR = YES;
				GCC_WARN_UNINITIALIZED_AUTOS = YES_AGGRESSIVE;
				GCC_WARN_UNUSED_FUNCTION = YES;
				GCC_WARN_UNUSED_VARIABLE = YES;
				IPHONEOS_DEPLOYMENT_TARGET = 9.3;
				MTL_ENABLE_DEBUG_INFO = NO;
				SDKROOT = iphoneos;
				TARGETED_DEVICE_FAMILY = "1,2";
				VALIDATE_PRODUCT = YES;
			};
			name = Release;
		};
		DF9E113B1E6CF44B00405BDF /* Debug */ = {
			isa = XCBuildConfiguration;
			buildSettings = {
				ASSETCATALOG_COMPILER_APPICON_NAME = AppIcon;
				CODE_SIGN_IDENTITY = "iPhone Developer";
				"CODE_SIGN_IDENTITY[sdk=iphoneos*]" = "iPhone Developer";
				DEVELOPMENT_TEAM = 7EP93Z2D6P;
				GCC_PRECOMPILE_PREFIX_HEADER = YES;
				GCC_PREFIX_HEADER = "$(SRCROOT)/门诊工作/PrefixHeader.pch";
				INFOPLIST_FILE = "门诊工作/Info.plist";
				IPHONEOS_DEPLOYMENT_TARGET = 9.2;
				LD_RUNPATH_SEARCH_PATHS = "$(inherited) @executable_path/Frameworks";
				PRODUCT_BUNDLE_IDENTIFIER = "jj.----";
				PRODUCT_NAME = "$(TARGET_NAME)";
				PROVISIONING_PROFILE = "";
			};
			name = Debug;
		};
		DF9E113C1E6CF44B00405BDF /* Release */ = {
			isa = XCBuildConfiguration;
			buildSettings = {
				ASSETCATALOG_COMPILER_APPICON_NAME = AppIcon;
				CODE_SIGN_IDENTITY = "iPhone Developer";
				"CODE_SIGN_IDENTITY[sdk=iphoneos*]" = "iPhone Developer";
				DEVELOPMENT_TEAM = 7EP93Z2D6P;
				GCC_PRECOMPILE_PREFIX_HEADER = YES;
				GCC_PREFIX_HEADER = "$(SRCROOT)/门诊工作/PrefixHeader.pch";
				INFOPLIST_FILE = "门诊工作/Info.plist";
				IPHONEOS_DEPLOYMENT_TARGET = 9.2;
				LD_RUNPATH_SEARCH_PATHS = "$(inherited) @executable_path/Frameworks";
				PRODUCT_BUNDLE_IDENTIFIER = "jj.----";
				PRODUCT_NAME = "$(TARGET_NAME)";
				PROVISIONING_PROFILE = "";
			};
			name = Release;
		};
		DF9E113E1E6CF44B00405BDF /* Debug */ = {
			isa = XCBuildConfiguration;
			buildSettings = {
				BUNDLE_LOADER = "$(TEST_HOST)";
				INFOPLIST_FILE = "门诊工作Tests/Info.plist";
				LD_RUNPATH_SEARCH_PATHS = "$(inherited) @executable_path/Frameworks @loader_path/Frameworks";
				PRODUCT_BUNDLE_IDENTIFIER = "jj.----Tests";
				PRODUCT_NAME = "$(TARGET_NAME)";
				TEST_HOST = "$(BUILT_PRODUCTS_DIR)/门诊工作.app/门诊工作";
			};
			name = Debug;
		};
		DF9E113F1E6CF44B00405BDF /* Release */ = {
			isa = XCBuildConfiguration;
			buildSettings = {
				BUNDLE_LOADER = "$(TEST_HOST)";
				INFOPLIST_FILE = "门诊工作Tests/Info.plist";
				LD_RUNPATH_SEARCH_PATHS = "$(inherited) @executable_path/Frameworks @loader_path/Frameworks";
				PRODUCT_BUNDLE_IDENTIFIER = "jj.----Tests";
				PRODUCT_NAME = "$(TARGET_NAME)";
				TEST_HOST = "$(BUILT_PRODUCTS_DIR)/门诊工作.app/门诊工作";
			};
			name = Release;
		};
		DF9E11411E6CF44B00405BDF /* Debug */ = {
			isa = XCBuildConfiguration;
			buildSettings = {
				INFOPLIST_FILE = "门诊工作UITests/Info.plist";
				LD_RUNPATH_SEARCH_PATHS = "$(inherited) @executable_path/Frameworks @loader_path/Frameworks";
				PRODUCT_BUNDLE_IDENTIFIER = "jj.----UITests";
				PRODUCT_NAME = "$(TARGET_NAME)";
				TEST_TARGET_NAME = "门诊工作";
			};
			name = Debug;
		};
		DF9E11421E6CF44B00405BDF /* Release */ = {
			isa = XCBuildConfiguration;
			buildSettings = {
				INFOPLIST_FILE = "门诊工作UITests/Info.plist";
				LD_RUNPATH_SEARCH_PATHS = "$(inherited) @executable_path/Frameworks @loader_path/Frameworks";
				PRODUCT_BUNDLE_IDENTIFIER = "jj.----UITests";
				PRODUCT_NAME = "$(TARGET_NAME)";
				TEST_TARGET_NAME = "门诊工作";
			};
			name = Release;
		};
/* End XCBuildConfiguration section */

/* Begin XCConfigurationList section */
		DF9E11081E6CF44B00405BDF /* Build configuration list for PBXProject "门诊工作" */ = {
			isa = XCConfigurationList;
			buildConfigurations = (
				DF9E11381E6CF44B00405BDF /* Debug */,
				DF9E11391E6CF44B00405BDF /* Release */,
			);
			defaultConfigurationIsVisible = 0;
			defaultConfigurationName = Release;
		};
		DF9E113A1E6CF44B00405BDF /* Build configuration list for PBXNativeTarget "门诊工作" */ = {
			isa = XCConfigurationList;
			buildConfigurations = (
				DF9E113B1E6CF44B00405BDF /* Debug */,
				DF9E113C1E6CF44B00405BDF /* Release */,
			);
			defaultConfigurationIsVisible = 0;
			defaultConfigurationName = Release;
		};
		DF9E113D1E6CF44B00405BDF /* Build configuration list for PBXNativeTarget "门诊工作Tests" */ = {
			isa = XCConfigurationList;
			buildConfigurations = (
				DF9E113E1E6CF44B00405BDF /* Debug */,
				DF9E113F1E6CF44B00405BDF /* Release */,
			);
			defaultConfigurationIsVisible = 0;
			defaultConfigurationName = Release;
		};
		DF9E11401E6CF44B00405BDF /* Build configuration list for PBXNativeTarget "门诊工作UITests" */ = {
			isa = XCConfigurationList;
			buildConfigurations = (
				DF9E11411E6CF44B00405BDF /* Debug */,
				DF9E11421E6CF44B00405BDF /* Release */,
			);
			defaultConfigurationIsVisible = 0;
			defaultConfigurationName = Release;
		};
/* End XCConfigurationList section */
	};
	rootObject = DF9E11051E6CF44B00405BDF /* Project object */;
}
